# This file is automatically @generated by Poetry 2.1.2 and should not be changed by hand.

[[package]]
name = "bitarray"
version = "3.3.1"
description = "efficient arrays of booleans -- C extension"
optional = false
python-versions = "*"
groups = ["main"]
files = [
    {file = "bitarray-3.3.1-cp310-cp310-macosx_10_9_x86_64.whl", hash = "sha256:811f559e0e5fca85d26b834e02f2a767aa7765e6b1529d4b2f9d4e9015885b4b"},
    {file = "bitarray-3.3.1-cp310-cp310-macosx_11_0_arm64.whl", hash = "sha256:e44be933a60b27ef0378a2fdc111ae4ac53a090169db9f97219910cac51ff885"},
    {file = "bitarray-3.3.1-cp310-cp310-manylinux_2_17_aarch64.manylinux2014_aarch64.whl", hash = "sha256:5aacbf54ad69248e17aab92a9f2d8a0a7efaea9d5401207cb9dac41d46294d56"},
    {file = "bitarray-3.3.1-cp310-cp310-manylinux_2_17_ppc64le.manylinux2014_ppc64le.whl", hash = "sha256:3fcdaf79970b41cfe21b6cf6a7bbe2d0f17e3371a4d839f1279283ac03dd2a47"},
    {file = "bitarray-3.3.1-cp310-cp310-manylinux_2_17_s390x.manylinux2014_s390x.whl", hash = "sha256:9aa5cf7a6a8597968ff6f4e7488d5518bba911344b32b7948012a41ca3ae7e41"},
    {file = "bitarray-3.3.1-cp310-cp310-manylinux_2_17_x86_64.manylinux2014_x86_64.whl", hash = "sha256:dc448e4871fc4df22dd04db4a7b34829e5c3404003b9b1709b6b496d340db9c7"},
    {file = "bitarray-3.3.1-cp310-cp310-manylinux_2_5_i686.manylinux1_i686.manylinux_2_17_i686.manylinux2014_i686.whl", hash = "sha256:51ce410a2d91da4b98d0f043df9e0938c33a2d9ad4a370fa8ec1ce7352fc20d9"},
    {file = "bitarray-3.3.1-cp310-cp310-musllinux_1_2_aarch64.whl", hash = "sha256:f7eb851d62a3166b8d1da5d5740509e215fa5b986467bf135a5a2d197bf16345"},
    {file = "bitarray-3.3.1-cp310-cp310-musllinux_1_2_i686.whl", hash = "sha256:69679fcd5f2c4b7c8920d2824519e3bff81a18fac25acf33ded4524ea68d8a39"},
    {file = "bitarray-3.3.1-cp310-cp310-musllinux_1_2_ppc64le.whl", hash = "sha256:9c8f580590822df5675b9bc04b9df534be23a4917f709f9483fa554fd2e0a4df"},
    {file = "bitarray-3.3.1-cp310-cp310-musllinux_1_2_s390x.whl", hash = "sha256:5500052aaf761afede3763434097a59042e22fbde508c88238d34105c13564c0"},
    {file = "bitarray-3.3.1-cp310-cp310-musllinux_1_2_x86_64.whl", hash = "sha256:e95f13d615f91da5a5ee5a782d9041c58be051661843416f2df9453f57008d40"},
    {file = "bitarray-3.3.1-cp310-cp310-win32.whl", hash = "sha256:4ddef0b620db43dfde43fe17448ddc37289f67ad9a8ae39ffa64fa7bf529145f"},
    {file = "bitarray-3.3.1-cp310-cp310-win_amd64.whl", hash = "sha256:d3f5cec4f8d27284f559a0d7c4a4bdfbae74d3b69d09c3f3b53989a730833ad8"},
    {file = "bitarray-3.3.1-cp311-cp311-macosx_10_9_x86_64.whl", hash = "sha256:76abaeac4f94eda1755eed633a720c1f5f90048cb7ea4ab217ea84c48414189a"},
    {file = "bitarray-3.3.1-cp311-cp311-macosx_11_0_arm64.whl", hash = "sha256:75eb4d353dcf571d98e2818119af303fb0181b54361ac9a3e418b31c08131e56"},
    {file = "bitarray-3.3.1-cp311-cp311-manylinux_2_17_aarch64.manylinux2014_aarch64.whl", hash = "sha256:e61b7552c953e58cf2d82b95843ca410eef18af2a5380f3ff058d21eaf902eda"},
    {file = "bitarray-3.3.1-cp311-cp311-manylinux_2_17_ppc64le.manylinux2014_ppc64le.whl", hash = "sha256:d40dbc3609f1471ca3c189815ab4596adae75d8ee0da01412b2e3d0f6e94ab46"},
    {file = "bitarray-3.3.1-cp311-cp311-manylinux_2_17_s390x.manylinux2014_s390x.whl", hash = "sha256:d2c8b7da269eb877cc2361d868fdcb63bfe7b5821c5b3ea2640be3f4b047b4bb"},
    {file = "bitarray-3.3.1-cp311-cp311-manylinux_2_17_x86_64.manylinux2014_x86_64.whl", hash = "sha256:e362fc7a72fd00f641b3d6ed91076174cae36f49183afe8b4b4b77a2b5a116b0"},
    {file = "bitarray-3.3.1-cp311-cp311-manylinux_2_5_i686.manylinux1_i686.manylinux_2_17_i686.manylinux2014_i686.whl", hash = "sha256:f51322a55687f1ac075b897d409d0314a81f1ec55ebae96eeca40c9e8ad4a1c1"},
    {file = "bitarray-3.3.1-cp311-cp311-musllinux_1_2_aarch64.whl", hash = "sha256:dea204d3c6ec17fc3084c1db11bcad1347f707b7f5c08664e116a9c75ca134e9"},
    {file = "bitarray-3.3.1-cp311-cp311-musllinux_1_2_i686.whl", hash = "sha256:ea48f168274d60f900f847dd5fff9bd9d4e4f8af5a84149037c2b5fe1712fa0b"},
    {file = "bitarray-3.3.1-cp311-cp311-musllinux_1_2_ppc64le.whl", hash = "sha256:8076650a08cec080f6726860c769320c27eb4379cfd22e2f5732787dec119bfe"},
    {file = "bitarray-3.3.1-cp311-cp311-musllinux_1_2_s390x.whl", hash = "sha256:653d56c58197940f0c1305cb474b75597421b424be99284915bb4f3529d51837"},
    {file = "bitarray-3.3.1-cp311-cp311-musllinux_1_2_x86_64.whl", hash = "sha256:5d47d349468177afbe77e5306e70fd131d8da6946dd22ed93cbe70c5f2965307"},
    {file = "bitarray-3.3.1-cp311-cp311-win32.whl", hash = "sha256:ac5d80cd43a9a995a501b4e3b38802628b35065e896f79d33430989e2e3f0870"},
    {file = "bitarray-3.3.1-cp311-cp311-win_amd64.whl", hash = "sha256:52edf707f2fddb6a60a20093c3051c1925830d8c4e7fb2692aac2ee970cee2b0"},
    {file = "bitarray-3.3.1-cp312-cp312-macosx_10_13_x86_64.whl", hash = "sha256:673a21ebb6c72904d7de58fe8c557bad614fce773f21ddc86bcf8dd09a387a32"},
    {file = "bitarray-3.3.1-cp312-cp312-macosx_11_0_arm64.whl", hash = "sha256:946e97712014784c3257e4ca45cf5071ffdbbebe83977d429e8f7329d0e2387f"},
    {file = "bitarray-3.3.1-cp312-cp312-manylinux_2_17_aarch64.manylinux2014_aarch64.whl", hash = "sha256:14f04e4eec65891523a8ca3bf9e1dcdefed52d695f40c4e50d5980471ffd22a4"},
    {file = "bitarray-3.3.1-cp312-cp312-manylinux_2_17_ppc64le.manylinux2014_ppc64le.whl", hash = "sha256:0580b905ad589e3be52d36fbc83d32f6e3f6a63751d6c0da0ca328c32d037790"},
    {file = "bitarray-3.3.1-cp312-cp312-manylinux_2_17_s390x.manylinux2014_s390x.whl", hash = "sha256:50da5ecd86ee25df9f658d8724efbe8060de97217fb12a1163bee61d42946d83"},
    {file = "bitarray-3.3.1-cp312-cp312-manylinux_2_17_x86_64.manylinux2014_x86_64.whl", hash = "sha256:42376c9e0a1357acc8830c4c0267e1c30ebd04b2d822af702044962a9f30b795"},
    {file = "bitarray-3.3.1-cp312-cp312-manylinux_2_5_i686.manylinux1_i686.manylinux_2_17_i686.manylinux2014_i686.whl", hash = "sha256:e9b18889a809d8f190e09dd6ee513983e1cdc04c3f23395d237ccf699dce5eaf"},
    {file = "bitarray-3.3.1-cp312-cp312-musllinux_1_2_aarch64.whl", hash = "sha256:f4e2fc0f6a573979462786edbf233fc9e1b644b4e790e8c29796f96bbe45353a"},
    {file = "bitarray-3.3.1-cp312-cp312-musllinux_1_2_i686.whl", hash = "sha256:99ea63932e86b08e36d6246ff8f663728a5baefa7e9a0e2f682864fe13297514"},
    {file = "bitarray-3.3.1-cp312-cp312-musllinux_1_2_ppc64le.whl", hash = "sha256:8627fc0c9806d6dac2fb422d9cd650b0d225f498601381d334685b9f071b793c"},
    {file = "bitarray-3.3.1-cp312-cp312-musllinux_1_2_s390x.whl", hash = "sha256:4bb2fa914a7bbcd7c6a457d44461a8540b9450e9bb4163d734eb74bffba90e69"},
    {file = "bitarray-3.3.1-cp312-cp312-musllinux_1_2_x86_64.whl", hash = "sha256:dd0ba0cc46b9a7d5cee4c4a9733dce2f0aa21caf04fe18d18d2025a4211adc18"},
    {file = "bitarray-3.3.1-cp312-cp312-win32.whl", hash = "sha256:b77a03aba84bf2d2c8f2d5a81af5957da42324d9f701d584236dc735b6a191f8"},
    {file = "bitarray-3.3.1-cp312-cp312-win_amd64.whl", hash = "sha256:dc6407e899fc3148d796fc4c3b0cec78153f034c5ff9baa6ae9c91d7ea05fb45"},
    {file = "bitarray-3.3.1-cp313-cp313-macosx_10_13_x86_64.whl", hash = "sha256:31f21c7df3b40db541182db500f96cf2b9688261baec7b03a6010fdfc5e31855"},
    {file = "bitarray-3.3.1-cp313-cp313-macosx_11_0_arm64.whl", hash = "sha256:4c516daf790bd870d7575ac0e4136f1c3bc180b0de2a6bfa9fa112ea668131a0"},
    {file = "bitarray-3.3.1-cp313-cp313-manylinux_2_17_aarch64.manylinux2014_aarch64.whl", hash = "sha256:b81664adf97f54cb174472f5511075bfb5e8fb13151e9c1592a09b45d544dab0"},
    {file = "bitarray-3.3.1-cp313-cp313-manylinux_2_17_ppc64le.manylinux2014_ppc64le.whl", hash = "sha256:421da43706c9a01d1b1454c34edbff372a7cfeff33879b6c048fc5f4481a9454"},
    {file = "bitarray-3.3.1-cp313-cp313-manylinux_2_17_s390x.manylinux2014_s390x.whl", hash = "sha256:cb388586c9b4d338f9585885a6f4bd2736d4a7a7eb4b63746587cb8d04f7d156"},
    {file = "bitarray-3.3.1-cp313-cp313-manylinux_2_17_x86_64.manylinux2014_x86_64.whl", hash = "sha256:b0bca424ee4d80a4880da332e56d2863e8d75305842c10aa6e94eb975bcad4fc"},
    {file = "bitarray-3.3.1-cp313-cp313-manylinux_2_5_i686.manylinux1_i686.manylinux_2_17_i686.manylinux2014_i686.whl", hash = "sha256:f62738cc16a387aa2f0dc6e93e0b0f48d5b084db249f632a0e3048d5ace783e6"},
    {file = "bitarray-3.3.1-cp313-cp313-musllinux_1_2_aarch64.whl", hash = "sha256:0d11e1a8914321fac34f50c48a9b1f92a1f51f45f9beb23e990806588137c4ca"},
    {file = "bitarray-3.3.1-cp313-cp313-musllinux_1_2_i686.whl", hash = "sha256:434180c1340268763439b80d21e074df24633c8748a867573bafecdbfaa68a76"},
    {file = "bitarray-3.3.1-cp313-cp313-musllinux_1_2_ppc64le.whl", hash = "sha256:518e04584654a155fca829a6fe847cd403a17007e5afdc2b05b4240b53cd0842"},
    {file = "bitarray-3.3.1-cp313-cp313-musllinux_1_2_s390x.whl", hash = "sha256:36851e3244950adc75670354dcd9bcad65e1695933c18762bb6f7590734c14ef"},
    {file = "bitarray-3.3.1-cp313-cp313-musllinux_1_2_x86_64.whl", hash = "sha256:824bd92e53f8e32dfa4bf38643246d1a500b13461ade361d342a8fcc3ddb6905"},
    {file = "bitarray-3.3.1-cp313-cp313-win32.whl", hash = "sha256:8c84c3df9b921439189d0be6ad4f4212085155813475a58fbc5fb3f1d5e8a001"},
    {file = "bitarray-3.3.1-cp313-cp313-win_amd64.whl", hash = "sha256:71838052ad546da110b8a8aaa254bda2e162e65af563d92b15c8bc7ab1642909"},
    {file = "bitarray-3.3.1-cp36-cp36m-macosx_10_9_x86_64.whl", hash = "sha256:131ff1eed8902fb54ea64f8d0bf8fcbbda8ad6b9639d81cacc3a398c7488fecb"},
    {file = "bitarray-3.3.1-cp36-cp36m-manylinux_2_17_aarch64.manylinux2014_aarch64.whl", hash = "sha256:62c2278763edc823e79b8f0a0fdc7c8c9c45a3e982db9355042839c1f0c4ea92"},
    {file = "bitarray-3.3.1-cp36-cp36m-manylinux_2_17_ppc64le.manylinux2014_ppc64le.whl", hash = "sha256:751a2cd05326e1552b56090595ba8d35fe6fef666d5ca9c0a26d329c65a9c4a0"},
    {file = "bitarray-3.3.1-cp36-cp36m-manylinux_2_17_s390x.manylinux2014_s390x.whl", hash = "sha256:d57b3b92bfa453cba737716680292afb313ec92ada6c139847e005f5ac1ad08c"},
    {file = "bitarray-3.3.1-cp36-cp36m-manylinux_2_17_x86_64.manylinux2014_x86_64.whl", hash = "sha256:7c7913d3cf7017bd693177ca0a4262d51587378d9c4ae38d13be3655386f0c27"},
    {file = "bitarray-3.3.1-cp36-cp36m-manylinux_2_5_i686.manylinux1_i686.manylinux_2_17_i686.manylinux2014_i686.whl", hash = "sha256:2441da551787086c57fa8983d43e103fd2519389c8e03302908697138c287d6a"},
    {file = "bitarray-3.3.1-cp36-cp36m-musllinux_1_2_aarch64.whl", hash = "sha256:c17fd3a63b31a21a979962bd3ab0f96d22dcdb79dc5149efc2cf66a16ae0bb59"},
    {file = "bitarray-3.3.1-cp36-cp36m-musllinux_1_2_i686.whl", hash = "sha256:f7cee295219988b50b543791570b013e3f3325867f9650f6233b48cb00b020c2"},
    {file = "bitarray-3.3.1-cp36-cp36m-musllinux_1_2_ppc64le.whl", hash = "sha256:307e4cd6b94de4b4b5b0f4599ffddabde4c33ac22a74998887048d24cb379ad3"},
    {file = "bitarray-3.3.1-cp36-cp36m-musllinux_1_2_s390x.whl", hash = "sha256:1b7e89d4005eee831dc90d50c69af74ece6088f3c1b673d0089c8ef7d5346c37"},
    {file = "bitarray-3.3.1-cp36-cp36m-musllinux_1_2_x86_64.whl", hash = "sha256:8f267edd51db6903c67b2a2b0f780bb0e52d2e92ec569ddd241486eeff347283"},
    {file = "bitarray-3.3.1-cp36-cp36m-win32.whl", hash = "sha256:2fbd399cfdb7dee0bb4705bc8cd51163a9b2f25bb266807d57e5c693e0a14df2"},
    {file = "bitarray-3.3.1-cp36-cp36m-win_amd64.whl", hash = "sha256:551844744d22fe2e37525bd7132d2e9dae5a9621e3d8a43f46bbe6edadb4c63b"},
    {file = "bitarray-3.3.1-cp37-cp37m-macosx_10_9_x86_64.whl", hash = "sha256:492524a28c3aab6a4ef0a741ee9f3578b6606bb52a7a94106c386bdebab1df44"},
    {file = "bitarray-3.3.1-cp37-cp37m-manylinux_2_17_aarch64.manylinux2014_aarch64.whl", hash = "sha256:da225a602cb4a97900e416059bc77d7b0bb8ac5cb6cb3cc734fd01c636387d2b"},
    {file = "bitarray-3.3.1-cp37-cp37m-manylinux_2_17_ppc64le.manylinux2014_ppc64le.whl", hash = "sha256:fd3ed1f7d2d33856252863d5fa976c41013fac4eb0898bf7c3f5341f7ae73e06"},
    {file = "bitarray-3.3.1-cp37-cp37m-manylinux_2_17_s390x.manylinux2014_s390x.whl", hash = "sha256:a1adc8cd484de52b6b11a0e59e087cd3ae593ce4c822c18d4095d16e06e49453"},
    {file = "bitarray-3.3.1-cp37-cp37m-manylinux_2_17_x86_64.manylinux2014_x86_64.whl", hash = "sha256:8360759897d50e4f7ec8be51f788119bd43a61b1fe9c68a508a7ba495144859a"},
    {file = "bitarray-3.3.1-cp37-cp37m-manylinux_2_5_i686.manylinux1_i686.manylinux_2_17_i686.manylinux2014_i686.whl", hash = "sha256:50df8e1915a1acfd9cd0a4657d26cacd5aee4c3286ebb63e9dd75271ea6b54e0"},
    {file = "bitarray-3.3.1-cp37-cp37m-musllinux_1_2_aarch64.whl", hash = "sha256:b9f2247b76e2e8c88f81fb850adb211d9b322f498ae7e5797f7629954f5b9767"},
    {file = "bitarray-3.3.1-cp37-cp37m-musllinux_1_2_i686.whl", hash = "sha256:958b75f26f8abbcb9bc47a8a546a0449ba565d6aac819e5bb80417b93e5777fa"},
    {file = "bitarray-3.3.1-cp37-cp37m-musllinux_1_2_ppc64le.whl", hash = "sha256:54093229fec0f8c605b7873020c07681c1f1f96c433ae082d2da106ab11b206f"},
    {file = "bitarray-3.3.1-cp37-cp37m-musllinux_1_2_s390x.whl", hash = "sha256:58365c6c3e4a5ebbc8f28bf7764f5b00be5c8b1ffbd70474e6f801383f3fe0a0"},
    {file = "bitarray-3.3.1-cp37-cp37m-musllinux_1_2_x86_64.whl", hash = "sha256:af6a09c296aa2d68b25eb154079abd5a58da883db179e9df0fc9215c405be6be"},
    {file = "bitarray-3.3.1-cp37-cp37m-win32.whl", hash = "sha256:b521c2d73f6fa1c461a68c5d220836d0fea9261d5f934833aaffde5114aecffb"},
    {file = "bitarray-3.3.1-cp37-cp37m-win_amd64.whl", hash = "sha256:90178b8c6f75b43612dadf50ff0df08a560e220424ce33cf6d2514d7ab1803a7"},
    {file = "bitarray-3.3.1-cp38-cp38-macosx_10_9_x86_64.whl", hash = "sha256:64a5404a258ef903db67d7911147febf112858ba30c180dae0c23405412e0a2f"},
    {file = "bitarray-3.3.1-cp38-cp38-macosx_11_0_arm64.whl", hash = "sha256:0952d05e1d6b0a736d73d34128b652d7549ba7d00ccc1e7c00efbc6edd687ee3"},
    {file = "bitarray-3.3.1-cp38-cp38-manylinux_2_17_aarch64.manylinux2014_aarch64.whl", hash = "sha256:c17eae957d61fea05d3f2333a95dd79dc4733f3eadf44862cd6d586daae31ea3"},
    {file = "bitarray-3.3.1-cp38-cp38-manylinux_2_17_ppc64le.manylinux2014_ppc64le.whl", hash = "sha256:c00b2ea9aab5b2c623b1901a4c04043fb847c8bd64a2f52518488434eb44c4e6"},
    {file = "bitarray-3.3.1-cp38-cp38-manylinux_2_17_s390x.manylinux2014_s390x.whl", hash = "sha256:a29ad824bf4b735cb119e2c79a4b821ad462aeb4495e80ff186f1a8e48362082"},
    {file = "bitarray-3.3.1-cp38-cp38-manylinux_2_17_x86_64.manylinux2014_x86_64.whl", hash = "sha256:2e92d2d7d405e004f2bdf9ff6d58faed6d04e0b74a9d96905ade61c293abe315"},
    {file = "bitarray-3.3.1-cp38-cp38-manylinux_2_5_i686.manylinux1_i686.manylinux_2_17_i686.manylinux2014_i686.whl", hash = "sha256:833e06b01ff8f5a9f5b52156a23e9930402d964c96130f6d0bd5297e5dec95dc"},
    {file = "bitarray-3.3.1-cp38-cp38-musllinux_1_2_aarch64.whl", hash = "sha256:a0c87ffc5bf3669b0dfa91752653c41c9c38e1fd5b95aeb4c7ee40208c953fcd"},
    {file = "bitarray-3.3.1-cp38-cp38-musllinux_1_2_i686.whl", hash = "sha256:9ce64e247af33fa348694dbf7f4943a60040b5cc04df813649cc8b54c7f54061"},
    {file = "bitarray-3.3.1-cp38-cp38-musllinux_1_2_ppc64le.whl", hash = "sha256:52e8d36933bb3fb132c95c43171f47f07c22dd31536495be20f86ddbf383e3c6"},
    {file = "bitarray-3.3.1-cp38-cp38-musllinux_1_2_s390x.whl", hash = "sha256:434e389958ab98415ed4d9d67dd94c0ac835036a16b488df6736222f4f55ff35"},
    {file = "bitarray-3.3.1-cp38-cp38-musllinux_1_2_x86_64.whl", hash = "sha256:e75c4a1f00f46057f2fc98d717b2eabba09582422fe608158beed2ef0a5642da"},
    {file = "bitarray-3.3.1-cp38-cp38-win32.whl", hash = "sha256:9d6fe373572b20adde2d6a58f8dc900b0cb4eec625b05ca1adbf053772723c78"},
    {file = "bitarray-3.3.1-cp38-cp38-win_amd64.whl", hash = "sha256:eeda85d034a2649b7e4dbd7067411e9c55c1fc65fafb9feb973d810b103e36a0"},
    {file = "bitarray-3.3.1-cp39-cp39-macosx_10_9_x86_64.whl", hash = "sha256:47abbec73f20176e119f5c4c68aaf243c46a5e072b9c182f2c110b5b227256a7"},
    {file = "bitarray-3.3.1-cp39-cp39-macosx_11_0_arm64.whl", hash = "sha256:f46e7fe734b57f3783a324bf3a7053df54299653e646d86558a4b2576cb47208"},
    {file = "bitarray-3.3.1-cp39-cp39-manylinux_2_17_aarch64.manylinux2014_aarch64.whl", hash = "sha256:d2c411b7d3784109dfc33f5f7cdf331d3373b8349a4ad608ee482f1a04c30efe"},
    {file = "bitarray-3.3.1-cp39-cp39-manylinux_2_17_ppc64le.manylinux2014_ppc64le.whl", hash = "sha256:9511420cf727eb6e603dc6f3c122da1a16af38abc92272a715ce68c47b19b140"},
    {file = "bitarray-3.3.1-cp39-cp39-manylinux_2_17_s390x.manylinux2014_s390x.whl", hash = "sha256:39fdd56fd9076a4a34c3cd21e1c84dc861dac5e92c1ed9daed6aed6b11719c8c"},
    {file = "bitarray-3.3.1-cp39-cp39-manylinux_2_17_x86_64.manylinux2014_x86_64.whl", hash = "sha256:638ad50ecbffd05efdfa9f77b24b497b8e523f078315846614c647ebc3389bb5"},
    {file = "bitarray-3.3.1-cp39-cp39-manylinux_2_5_i686.manylinux1_i686.manylinux_2_17_i686.manylinux2014_i686.whl", hash = "sha256:f26f3197779fe5a90a54505334d34ceb948cec6378caea49cd9153b3bbe57566"},
    {file = "bitarray-3.3.1-cp39-cp39-musllinux_1_2_aarch64.whl", hash = "sha256:01299fb36af3e7955967f3dbc4097a2d88845166837899350f411d95a857f8aa"},
    {file = "bitarray-3.3.1-cp39-cp39-musllinux_1_2_i686.whl", hash = "sha256:f1767c325ef4983f52a9d62590f09ea998c06d8d4aa9f13b9eeabaac3536381e"},
    {file = "bitarray-3.3.1-cp39-cp39-musllinux_1_2_ppc64le.whl", hash = "sha256:ed6f9b158c11e7bcf9b0b6788003aed5046a0759e7b25e224d9551a01c779ee7"},
    {file = "bitarray-3.3.1-cp39-cp39-musllinux_1_2_s390x.whl", hash = "sha256:ab52dd26d24061d67f485f3400cc7d3d5696f0246294a372ef09aa8ef31a44c4"},
    {file = "bitarray-3.3.1-cp39-cp39-musllinux_1_2_x86_64.whl", hash = "sha256:0ba347a4dcc990637aa700227675d8033f68b417dcd7ccf660bd2e87e10885ec"},
    {file = "bitarray-3.3.1-cp39-cp39-win32.whl", hash = "sha256:4bda4e4219c6271beec737a5361b009dcf9ff6d84a2df92bf3dd4f4e97bb87e5"},
    {file = "bitarray-3.3.1-cp39-cp39-win_amd64.whl", hash = "sha256:3afe39028afff6e94bb90eb0f8c5eb9357c0e37ce3c249f96dbcfc1a73938015"},
    {file = "bitarray-3.3.1-pp310-pypy310_pp73-macosx_10_15_x86_64.whl", hash = "sha256:c001b7ac2d9cf1a73899cf857d3d66919deca677df26df905852039c46aa30a6"},
    {file = "bitarray-3.3.1-pp310-pypy310_pp73-macosx_11_0_arm64.whl", hash = "sha256:535cc398610ff22dc0341e8833c34be73634a9a0a5d04912b4044e91dfbbc413"},
    {file = "bitarray-3.3.1-pp310-pypy310_pp73-manylinux_2_17_aarch64.manylinux2014_aarch64.whl", hash = "sha256:5dcb5aaaa2d91cc04fa9adfe31222ab150e72d99c779b1ddca10400a2fd319ec"},
    {file = "bitarray-3.3.1-pp310-pypy310_pp73-manylinux_2_17_x86_64.manylinux2014_x86_64.whl", hash = "sha256:54ac6f8d2f696d83f9ccbb4cc4ce321dc80b9fa4613749a8ab23bda5674510ea"},
    {file = "bitarray-3.3.1-pp310-pypy310_pp73-manylinux_2_5_i686.manylinux1_i686.manylinux_2_17_i686.manylinux2014_i686.whl", hash = "sha256:78d069a00a8d06fb68248edd5bf2aa5e8009f4f5eae8dd5b5a529812132ad8a6"},
    {file = "bitarray-3.3.1-pp310-pypy310_pp73-win_amd64.whl", hash = "sha256:cbf063667ef89b0d8b8bd1fcaaa4dcc8c65c17048eb14fb1fa9dbe9cb5197c81"},
    {file = "bitarray-3.3.1-pp37-pypy37_pp73-macosx_10_9_x86_64.whl", hash = "sha256:0b7e1f4139d3f17feba72e386a8f1318fb35182ff65890281e727fd07fdfbd72"},
    {file = "bitarray-3.3.1-pp37-pypy37_pp73-manylinux_2_17_aarch64.manylinux2014_aarch64.whl", hash = "sha256:d030b96f6ccfec0812e2fc1b02ab72d56a408ec215f496a7a25cde31160a88b4"},
    {file = "bitarray-3.3.1-pp37-pypy37_pp73-manylinux_2_17_x86_64.manylinux2014_x86_64.whl", hash = "sha256:bf7ead8b947a14c785d04943ff4743db90b0c40a4cb27e6bef4c3650800a927d"},
    {file = "bitarray-3.3.1-pp37-pypy37_pp73-manylinux_2_5_i686.manylinux1_i686.manylinux_2_17_i686.manylinux2014_i686.whl", hash = "sha256:f5f44d71486949237679a8052cda171244d0be9279776c1d3d276861950dd608"},
    {file = "bitarray-3.3.1-pp37-pypy37_pp73-win_amd64.whl", hash = "sha256:601fedd0e5227a5591e2eae2d35d45a07f030783fc41fd217cdf0c74db554cb9"},
    {file = "bitarray-3.3.1-pp38-pypy38_pp73-macosx_10_9_x86_64.whl", hash = "sha256:7445c34e5d55ec512447efa746f046ecf4627c08281fc6e9ef844423167237bc"},
    {file = "bitarray-3.3.1-pp38-pypy38_pp73-macosx_11_0_arm64.whl", hash = "sha256:24296caffe89af65fc8029a56274db6a268f6a297a5163e65df8177c2dd67b19"},
    {file = "bitarray-3.3.1-pp38-pypy38_pp73-manylinux_2_17_aarch64.manylinux2014_aarch64.whl", hash = "sha256:90b35553c318b49d5ffdaf3d25b6f0117fd5bbfc3be5576fc41ca506ca0e9b8e"},
    {file = "bitarray-3.3.1-pp38-pypy38_pp73-manylinux_2_17_x86_64.manylinux2014_x86_64.whl", hash = "sha256:f937ef83e5666b6266236f59b1f38abe64851fb20e7d8d13033c5168d35ef39d"},
    {file = "bitarray-3.3.1-pp38-pypy38_pp73-manylinux_2_5_i686.manylinux1_i686.manylinux_2_17_i686.manylinux2014_i686.whl", hash = "sha256:86dd5b8031d690afc90430997187a4fc5871bc6b81d73055354b8eb48b3e6342"},
    {file = "bitarray-3.3.1-pp38-pypy38_pp73-win_amd64.whl", hash = "sha256:9101d48f9532ceb6b1d6a5f7d3a2dd5c853015850c65a47045c70f5f2f9ff88f"},
    {file = "bitarray-3.3.1-pp39-pypy39_pp73-macosx_10_15_x86_64.whl", hash = "sha256:7964b17923c1bfa519afe273335023e0800c64bdca854008e75f2b148614d3f2"},
    {file = "bitarray-3.3.1-pp39-pypy39_pp73-macosx_11_0_arm64.whl", hash = "sha256:26a26614bba95f3e4ea8c285206a4efe5ffb99e8539356d78a62491facc326cf"},
    {file = "bitarray-3.3.1-pp39-pypy39_pp73-manylinux_2_17_aarch64.manylinux2014_aarch64.whl", hash = "sha256:1ce3e352f1b7f1201b04600f93035312b00c9f8f4d606048c39adac32b2fb738"},
    {file = "bitarray-3.3.1-pp39-pypy39_pp73-manylinux_2_17_x86_64.manylinux2014_x86_64.whl", hash = "sha256:176991b2769425341da4d52a684795498c0cd4136f4329ba9d524bcb96d26604"},
    {file = "bitarray-3.3.1-pp39-pypy39_pp73-manylinux_2_5_i686.manylinux1_i686.manylinux_2_17_i686.manylinux2014_i686.whl", hash = "sha256:64cef9f2d15261ea667838a4460f75acf4b03d64d53df664357541cc8d2c8183"},
    {file = "bitarray-3.3.1-pp39-pypy39_pp73-win_amd64.whl", hash = "sha256:28d866fa462d77cafbf284aea14102a31dcfdebb9a5abbfb453f6eb6b2deb4fd"},
    {file = "bitarray-3.3.1.tar.gz", hash = "sha256:8c89219a672d0a15ab70f8a6f41bc8355296ec26becef89a127c1a32bb2e6345"},
]

[[package]]
name = "bitstring"
version = "4.3.1"
description = "Simple construction, analysis and modification of binary data."
optional = false
python-versions = ">=3.8"
groups = ["main"]
files = [
    {file = "bitstring-4.3.1-py3-none-any.whl", hash = "sha256:69d1587f0ac18dc7d93fc7e80d5f447161a33e57027e726dc18a0a8bacf1711a"},
    {file = "bitstring-4.3.1.tar.gz", hash = "sha256:a08bc09d3857216d4c0f412a1611056f1cc2b64fd254fb1e8a0afba7cfa1a95a"},
]

[package.dependencies]
bitarray = ">=3.0.0,<4.0"

[[package]]
name = "blinker"
version = "1.9.0"
description = "Fast, simple object-to-object and broadcast signaling"
optional = false
python-versions = ">=3.9"
groups = ["main"]
files = [
    {file = "blinker-1.9.0-py3-none-any.whl", hash = "sha256:ba0efaa9080b619ff2f3459d1d500c57bddea4a6b424b60a91141db6fd2f08bc"},
    {file = "blinker-1.9.0.tar.gz", hash = "sha256:b4ce2265a7abece45e7cc896e98dbebe6cead56bcf805a3d23136d145f5445bf"},
]

[[package]]
name = "click"
version = "8.1.8"
description = "Composable command line interface toolkit"
optional = false
python-versions = ">=3.7"
groups = ["main"]
files = [
    {file = "click-8.1.8-py3-none-any.whl", hash = "sha256:63c132bbbed01578a06712a2d1f497bb62d9c1c0d329b7903a866228027263b2"},
    {file = "click-8.1.8.tar.gz", hash = "sha256:ed53c9d8990d83c2a27deae68e4ee337473f6330c040a31d4225c9574d16096a"},
]

[package.dependencies]
colorama = {version = "*", markers = "platform_system == \"Windows\""}

[[package]]
name = "colorama"
version = "0.4.6"
description = "Cross-platform colored terminal text."
optional = false
python-versions = "!=3.0.*,!=3.1.*,!=3.2.*,!=3.3.*,!=3.4.*,!=3.5.*,!=3.6.*,>=2.7"
groups = ["main"]
markers = "platform_system == \"Windows\""
files = [
    {file = "colorama-0.4.6-py2.py3-none-any.whl", hash = "sha256:4f1d9991f5acc0ca119f9d443620b77f9d6b33703e51011c16baf57afb285fc6"},
    {file = "colorama-0.4.6.tar.gz", hash = "sha256:08695f5cb7ed6e0531a20572697297273c47b8cae5a63ffc6d6ed5c201be6e44"},
]

[[package]]
name = "flask"
version = "3.1.0"
description = "A simple framework for building complex web applications."
optional = false
python-versions = ">=3.9"
groups = ["main"]
files = [
    {file = "flask-3.1.0-py3-none-any.whl", hash = "sha256:d667207822eb83f1c4b50949b1623c8fc8d51f2341d65f72e1a1815397551136"},
    {file = "flask-3.1.0.tar.gz", hash = "sha256:5f873c5184c897c8d9d1b05df1e3d01b14910ce69607a117bd3277098a5836ac"},
]

[package.dependencies]
blinker = ">=1.9"
click = ">=8.1.3"
itsdangerous = ">=2.2"
Jinja2 = ">=3.1.2"
Werkzeug = ">=3.1"

[package.extras]
async = ["asgiref (>=3.2)"]
dotenv = ["python-dotenv"]

[[package]]
name = "itsdangerous"
version = "2.2.0"
description = "Safely pass data to untrusted environments and back."
optional = false
python-versions = ">=3.8"
groups = ["main"]
files = [
    {file = "itsdangerous-2.2.0-py3-none-any.whl", hash = "sha256:c6242fc49e35958c8b15141343aa660db5fc54d4f13a1db01a3f5891b98700ef"},
    {file = "itsdangerous-2.2.0.tar.gz", hash = "sha256:e0050c0b7da1eea53ffaf149c0cfbb5c6e2e2b69c4bef22c81fa6eb73e5f6173"},
]

[[package]]
name = "jinja2"
version = "3.1.6"
description = "A very fast and expressive template engine."
optional = false
python-versions = ">=3.7"
groups = ["main"]
files = [
    {file = "jinja2-3.1.6-py3-none-any.whl", hash = "sha256:85ece4451f492d0c13c5dd7c13a64681a86afae63a5f347908daf103ce6d2f67"},
    {file = "jinja2-3.1.6.tar.gz", hash = "sha256:0137fb05990d35f1275a587e9aee6d56da821fc83491a0fb838183be43f66d6d"},
]

[package.dependencies]
MarkupSafe = ">=2.0"

[package.extras]
i18n = ["Babel (>=2.7)"]

[[package]]
name = "markupsafe"
version = "3.0.2"
description = "Safely add untrusted strings to HTML/XML markup."
optional = false
python-versions = ">=3.9"
groups = ["main"]
files = [
    {file = "MarkupSafe-3.0.2-cp310-cp310-macosx_10_9_universal2.whl", hash = "sha256:7e94c425039cde14257288fd61dcfb01963e658efbc0ff54f5306b06054700f8"},
    {file = "MarkupSafe-3.0.2-cp310-cp310-macosx_11_0_arm64.whl", hash = "sha256:9e2d922824181480953426608b81967de705c3cef4d1af983af849d7bd619158"},
    {file = "MarkupSafe-3.0.2-cp310-cp310-manylinux_2_17_aarch64.manylinux2014_aarch64.whl", hash = "sha256:38a9ef736c01fccdd6600705b09dc574584b89bea478200c5fbf112a6b0d5579"},
    {file = "MarkupSafe-3.0.2-cp310-cp310-manylinux_2_17_x86_64.manylinux2014_x86_64.whl", hash = "sha256:bbcb445fa71794da8f178f0f6d66789a28d7319071af7a496d4d507ed566270d"},
    {file = "MarkupSafe-3.0.2-cp310-cp310-manylinux_2_5_i686.manylinux1_i686.manylinux_2_17_i686.manylinux2014_i686.whl", hash = "sha256:57cb5a3cf367aeb1d316576250f65edec5bb3be939e9247ae594b4bcbc317dfb"},
    {file = "MarkupSafe-3.0.2-cp310-cp310-musllinux_1_2_aarch64.whl", hash = "sha256:3809ede931876f5b2ec92eef964286840ed3540dadf803dd570c3b7e13141a3b"},
    {file = "MarkupSafe-3.0.2-cp310-cp310-musllinux_1_2_i686.whl", hash = "sha256:e07c3764494e3776c602c1e78e298937c3315ccc9043ead7e685b7f2b8d47b3c"},
    {file = "MarkupSafe-3.0.2-cp310-cp310-musllinux_1_2_x86_64.whl", hash = "sha256:b424c77b206d63d500bcb69fa55ed8d0e6a3774056bdc4839fc9298a7edca171"},
    {file = "MarkupSafe-3.0.2-cp310-cp310-win32.whl", hash = "sha256:fcabf5ff6eea076f859677f5f0b6b5c1a51e70a376b0579e0eadef8db48c6b50"},
    {file = "MarkupSafe-3.0.2-cp310-cp310-win_amd64.whl", hash = "sha256:6af100e168aa82a50e186c82875a5893c5597a0c1ccdb0d8b40240b1f28b969a"},
    {file = "MarkupSafe-3.0.2-cp311-cp311-macosx_10_9_universal2.whl", hash = "sha256:9025b4018f3a1314059769c7bf15441064b2207cb3f065e6ea1e7359cb46db9d"},
    {file = "MarkupSafe-3.0.2-cp311-cp311-macosx_11_0_arm64.whl", hash = "sha256:93335ca3812df2f366e80509ae119189886b0f3c2b81325d39efdb84a1e2ae93"},
    {file = "MarkupSafe-3.0.2-cp311-cp311-manylinux_2_17_aarch64.manylinux2014_aarch64.whl", hash = "sha256:2cb8438c3cbb25e220c2ab33bb226559e7afb3baec11c4f218ffa7308603c832"},
    {file = "MarkupSafe-3.0.2-cp311-cp311-manylinux_2_17_x86_64.manylinux2014_x86_64.whl", hash = "sha256:a123e330ef0853c6e822384873bef7507557d8e4a082961e1defa947aa59ba84"},
    {file = "MarkupSafe-3.0.2-cp311-cp311-manylinux_2_5_i686.manylinux1_i686.manylinux_2_17_i686.manylinux2014_i686.whl", hash = "sha256:1e084f686b92e5b83186b07e8a17fc09e38fff551f3602b249881fec658d3eca"},
    {file = "MarkupSafe-3.0.2-cp311-cp311-musllinux_1_2_aarch64.whl", hash = "sha256:d8213e09c917a951de9d09ecee036d5c7d36cb6cb7dbaece4c71a60d79fb9798"},
    {file = "MarkupSafe-3.0.2-cp311-cp311-musllinux_1_2_i686.whl", hash = "sha256:5b02fb34468b6aaa40dfc198d813a641e3a63b98c2b05a16b9f80b7ec314185e"},
    {file = "MarkupSafe-3.0.2-cp311-cp311-musllinux_1_2_x86_64.whl", hash = "sha256:0bff5e0ae4ef2e1ae4fdf2dfd5b76c75e5c2fa4132d05fc1b0dabcd20c7e28c4"},
    {file = "MarkupSafe-3.0.2-cp311-cp311-win32.whl", hash = "sha256:6c89876f41da747c8d3677a2b540fb32ef5715f97b66eeb0c6b66f5e3ef6f59d"},
    {file = "MarkupSafe-3.0.2-cp311-cp311-win_amd64.whl", hash = "sha256:70a87b411535ccad5ef2f1df5136506a10775d267e197e4cf531ced10537bd6b"},
    {file = "MarkupSafe-3.0.2-cp312-cp312-macosx_10_13_universal2.whl", hash = "sha256:9778bd8ab0a994ebf6f84c2b949e65736d5575320a17ae8984a77fab08db94cf"},
    {file = "MarkupSafe-3.0.2-cp312-cp312-macosx_11_0_arm64.whl", hash = "sha256:846ade7b71e3536c4e56b386c2a47adf5741d2d8b94ec9dc3e92e5e1ee1e2225"},
    {file = "MarkupSafe-3.0.2-cp312-cp312-manylinux_2_17_aarch64.manylinux2014_aarch64.whl", hash = "sha256:1c99d261bd2d5f6b59325c92c73df481e05e57f19837bdca8413b9eac4bd8028"},
    {file = "MarkupSafe-3.0.2-cp312-cp312-manylinux_2_17_x86_64.manylinux2014_x86_64.whl", hash = "sha256:e17c96c14e19278594aa4841ec148115f9c7615a47382ecb6b82bd8fea3ab0c8"},
    {file = "MarkupSafe-3.0.2-cp312-cp312-manylinux_2_5_i686.manylinux1_i686.manylinux_2_17_i686.manylinux2014_i686.whl", hash = "sha256:88416bd1e65dcea10bc7569faacb2c20ce071dd1f87539ca2ab364bf6231393c"},
    {file = "MarkupSafe-3.0.2-cp312-cp312-musllinux_1_2_aarch64.whl", hash = "sha256:2181e67807fc2fa785d0592dc2d6206c019b9502410671cc905d132a92866557"},
    {file = "MarkupSafe-3.0.2-cp312-cp312-musllinux_1_2_i686.whl", hash = "sha256:52305740fe773d09cffb16f8ed0427942901f00adedac82ec8b67752f58a1b22"},
    {file = "MarkupSafe-3.0.2-cp312-cp312-musllinux_1_2_x86_64.whl", hash = "sha256:ad10d3ded218f1039f11a75f8091880239651b52e9bb592ca27de44eed242a48"},
    {file = "MarkupSafe-3.0.2-cp312-cp312-win32.whl", hash = "sha256:0f4ca02bea9a23221c0182836703cbf8930c5e9454bacce27e767509fa286a30"},
    {file = "MarkupSafe-3.0.2-cp312-cp312-win_amd64.whl", hash = "sha256:8e06879fc22a25ca47312fbe7c8264eb0b662f6db27cb2d3bbbc74b1df4b9b87"},
    {file = "MarkupSafe-3.0.2-cp313-cp313-macosx_10_13_universal2.whl", hash = "sha256:ba9527cdd4c926ed0760bc301f6728ef34d841f405abf9d4f959c478421e4efd"},
    {file = "MarkupSafe-3.0.2-cp313-cp313-macosx_11_0_arm64.whl", hash = "sha256:f8b3d067f2e40fe93e1ccdd6b2e1d16c43140e76f02fb1319a05cf2b79d99430"},
    {file = "MarkupSafe-3.0.2-cp313-cp313-manylinux_2_17_aarch64.manylinux2014_aarch64.whl", hash = "sha256:569511d3b58c8791ab4c2e1285575265991e6d8f8700c7be0e88f86cb0672094"},
    {file = "MarkupSafe-3.0.2-cp313-cp313-manylinux_2_17_x86_64.manylinux2014_x86_64.whl", hash = "sha256:15ab75ef81add55874e7ab7055e9c397312385bd9ced94920f2802310c930396"},
    {file = "MarkupSafe-3.0.2-cp313-cp313-manylinux_2_5_i686.manylinux1_i686.manylinux_2_17_i686.manylinux2014_i686.whl", hash = "sha256:f3818cb119498c0678015754eba762e0d61e5b52d34c8b13d770f0719f7b1d79"},
    {file = "MarkupSafe-3.0.2-cp313-cp313-musllinux_1_2_aarch64.whl", hash = "sha256:cdb82a876c47801bb54a690c5ae105a46b392ac6099881cdfb9f6e95e4014c6a"},
    {file = "MarkupSafe-3.0.2-cp313-cp313-musllinux_1_2_i686.whl", hash = "sha256:cabc348d87e913db6ab4aa100f01b08f481097838bdddf7c7a84b7575b7309ca"},
    {file = "MarkupSafe-3.0.2-cp313-cp313-musllinux_1_2_x86_64.whl", hash = "sha256:444dcda765c8a838eaae23112db52f1efaf750daddb2d9ca300bcae1039adc5c"},
    {file = "MarkupSafe-3.0.2-cp313-cp313-win32.whl", hash = "sha256:bcf3e58998965654fdaff38e58584d8937aa3096ab5354d493c77d1fdd66d7a1"},
    {file = "MarkupSafe-3.0.2-cp313-cp313-win_amd64.whl", hash = "sha256:e6a2a455bd412959b57a172ce6328d2dd1f01cb2135efda2e4576e8a23fa3b0f"},
    {file = "MarkupSafe-3.0.2-cp313-cp313t-macosx_10_13_universal2.whl", hash = "sha256:b5a6b3ada725cea8a5e634536b1b01c30bcdcd7f9c6fff4151548d5bf6b3a36c"},
    {file = "MarkupSafe-3.0.2-cp313-cp313t-macosx_11_0_arm64.whl", hash = "sha256:a904af0a6162c73e3edcb969eeeb53a63ceeb5d8cf642fade7d39e7963a22ddb"},
    {file = "MarkupSafe-3.0.2-cp313-cp313t-manylinux_2_17_aarch64.manylinux2014_aarch64.whl", hash = "sha256:4aa4e5faecf353ed117801a068ebab7b7e09ffb6e1d5e412dc852e0da018126c"},
    {file = "MarkupSafe-3.0.2-cp313-cp313t-manylinux_2_17_x86_64.manylinux2014_x86_64.whl", hash = "sha256:c0ef13eaeee5b615fb07c9a7dadb38eac06a0608b41570d8ade51c56539e509d"},
    {file = "MarkupSafe-3.0.2-cp313-cp313t-manylinux_2_5_i686.manylinux1_i686.manylinux_2_17_i686.manylinux2014_i686.whl", hash = "sha256:d16a81a06776313e817c951135cf7340a3e91e8c1ff2fac444cfd75fffa04afe"},
    {file = "MarkupSafe-3.0.2-cp313-cp313t-musllinux_1_2_aarch64.whl", hash = "sha256:6381026f158fdb7c72a168278597a5e3a5222e83ea18f543112b2662a9b699c5"},
    {file = "MarkupSafe-3.0.2-cp313-cp313t-musllinux_1_2_i686.whl", hash = "sha256:3d79d162e7be8f996986c064d1c7c817f6df3a77fe3d6859f6f9e7be4b8c213a"},
    {file = "MarkupSafe-3.0.2-cp313-cp313t-musllinux_1_2_x86_64.whl", hash = "sha256:131a3c7689c85f5ad20f9f6fb1b866f402c445b220c19fe4308c0b147ccd2ad9"},
    {file = "MarkupSafe-3.0.2-cp313-cp313t-win32.whl", hash = "sha256:ba8062ed2cf21c07a9e295d5b8a2a5ce678b913b45fdf68c32d95d6c1291e0b6"},
    {file = "MarkupSafe-3.0.2-cp313-cp313t-win_amd64.whl", hash = "sha256:e444a31f8db13eb18ada366ab3cf45fd4b31e4db1236a4448f68778c1d1a5a2f"},
    {file = "MarkupSafe-3.0.2-cp39-cp39-macosx_10_9_universal2.whl", hash = "sha256:eaa0a10b7f72326f1372a713e73c3f739b524b3af41feb43e4921cb529f5929a"},
    {file = "MarkupSafe-3.0.2-cp39-cp39-macosx_11_0_arm64.whl", hash = "sha256:48032821bbdf20f5799ff537c7ac3d1fba0ba032cfc06194faffa8cda8b560ff"},
    {file = "MarkupSafe-3.0.2-cp39-cp39-manylinux_2_17_aarch64.manylinux2014_aarch64.whl", hash = "sha256:1a9d3f5f0901fdec14d8d2f66ef7d035f2157240a433441719ac9a3fba440b13"},
    {file = "MarkupSafe-3.0.2-cp39-cp39-manylinux_2_17_x86_64.manylinux2014_x86_64.whl", hash = "sha256:88b49a3b9ff31e19998750c38e030fc7bb937398b1f78cfa599aaef92d693144"},
    {file = "MarkupSafe-3.0.2-cp39-cp39-manylinux_2_5_i686.manylinux1_i686.manylinux_2_17_i686.manylinux2014_i686.whl", hash = "sha256:cfad01eed2c2e0c01fd0ecd2ef42c492f7f93902e39a42fc9ee1692961443a29"},
    {file = "MarkupSafe-3.0.2-cp39-cp39-musllinux_1_2_aarch64.whl", hash = "sha256:1225beacc926f536dc82e45f8a4d68502949dc67eea90eab715dea3a21c1b5f0"},
    {file = "MarkupSafe-3.0.2-cp39-cp39-musllinux_1_2_i686.whl", hash = "sha256:3169b1eefae027567d1ce6ee7cae382c57fe26e82775f460f0b2778beaad66c0"},
    {file = "MarkupSafe-3.0.2-cp39-cp39-musllinux_1_2_x86_64.whl", hash = "sha256:eb7972a85c54febfb25b5c4b4f3af4dcc731994c7da0d8a0b4a6eb0640e1d178"},
    {file = "MarkupSafe-3.0.2-cp39-cp39-win32.whl", hash = "sha256:8c4e8c3ce11e1f92f6536ff07154f9d49677ebaaafc32db9db4620bc11ed480f"},
    {file = "MarkupSafe-3.0.2-cp39-cp39-win_amd64.whl", hash = "sha256:6e296a513ca3d94054c2c881cc913116e90fd030ad1c656b3869762b754f5f8a"},
    {file = "markupsafe-3.0.2.tar.gz", hash = "sha256:ee55d3edf80167e48ea11a923c7386f4669df67d7994554387f84e7d8b0a2bf0"},
]

[[package]]
name = "tqdm"
version = "4.67.1"
description = "Fast, Extensible Progress Meter"
optional = false
python-versions = ">=3.7"
groups = ["main"]
files = [
    {file = "tqdm-4.67.1-py3-none-any.whl", hash = "sha256:26445eca388f82e72884e0d580d5464cd801a3ea01e63e5601bdff9ba6a48de2"},
    {file = "tqdm-4.67.1.tar.gz", hash = "sha256:f8aef9c52c08c13a65f30ea34f4e5aac3fd1a34959879d7e59e63027286627f2"},
]

[package.dependencies]
colorama = {version = "*", markers = "platform_system == \"Windows\""}

[package.extras]
dev = ["nbval", "pytest (>=6)", "pytest-asyncio (>=0.24)", "pytest-cov", "pytest-timeout"]
discord = ["requests"]
notebook = ["ipywidgets (>=6)"]
slack = ["slack-sdk"]
telegram = ["requests"]

[[package]]
name = "werkzeug"
version = "3.1.3"
description = "The comprehensive WSGI web application library."
optional = false
python-versions = ">=3.9"
groups = ["main"]
files = [
    {file = "werkzeug-3.1.3-py3-none-any.whl", hash = "sha256:54b78bf3716d19a65be4fceccc0d1d7b89e608834989dfae50ea87564639213e"},
    {file = "werkzeug-3.1.3.tar.gz", hash = "sha256:60723ce945c19328679790e3282cc758aa4a6040e4bb330f53d30fa546d44746"},
]

[package.dependencies]
MarkupSafe = ">=2.1.1"

[package.extras]
watchdog = ["watchdog (>=2.3)"]

[metadata]
lock-version = "2.1"
python-versions = ">=3.10"
content-hash = "febfbaa21381faab09358f40b7e854376bc45ec6eae64a82393a9299c3bb68e5"
