[[package]]
name = "bitstring"
version = "3.1.9"
description = "Simple construction, analysis and modification of binary data."
category = "main"
optional = false
python-versions = "*"

[metadata]
lock-version = "1.1"
python-versions = "^3.8"
content-hash = "22269584c9d929b7b5ba4376cbe8617b45cab2e4e97c26c72825fc557baa15a7"

[metadata.files]
bitstring = [
    {file = "bitstring-3.1.9-py2-none-any.whl", hash = "sha256:e3e340e58900a948787a05e8c08772f1ccbe133f6f41fe3f0fa19a18a22bbf4f"},
    {file = "bitstring-3.1.9-py3-none-any.whl", hash = "sha256:0de167daa6a00c9386255a7cac931b45e6e24e0ad7ea64f1f92a64ac23ad4578"},
    {file = "bitstring-3.1.9.tar.gz", hash = "sha256:a5848a3f63111785224dca8bb4c0a75b62ecdef56a042c8d6be74b16f7e860e7"},
]
